
Microsoft Visual Studio Solution File, Format Version 12.00
# Visual Studio Version 16
VisualStudioVersion = 16.0.29613.14
MinimumVisualStudioVersion = 10.0.40219.1
Project("{9A19103F-16F7-4668-BE54-9A1E7A4F7556}") = "SpotifyAPI.Web", "SpotifyAPI.Web\SpotifyAPI.Web.csproj", "{EC8A93BA-27C4-4642-B7A0-11B809C35BE4}"
EndProject
Project("{9A19103F-16F7-4668-BE54-9A1E7A4F7556}") = "SpotifyLyrics.Console.Example", "SpotifyLyrics.Console.Example\SpotifyLyrics.Console.Example.csproj", "{8D1CCA36-C7C2-4A70-B194-B23D7E03F00A}"
EndProject
Project("{9A19103F-16F7-4668-BE54-9A1E7A4F7556}") = "SpotifyAPI.Web.Auth", "SpotifyAPI.Web.Auth\SpotifyAPI.Web.Auth.csproj", "{400A3787-FDBE-4A4C-9DDD-AAEB3DCE1DF5}"
EndProject
Project("{9A19103F-16F7-4668-BE54-9A1E7A4F7556}") = "HappiLyricsApi.Web", "HappiLyrics.Web\HappiLyricsApi.Web.csproj", "{B2204B02-3B7F-4A1A-A281-06195D7346DF}"
EndProject
Project("{9A19103F-16F7-4668-BE54-9A1E7A4F7556}") = "Core.ApiCaller", "Core.ApiCaller\Core.ApiCaller.csproj", "{C6DF5F71-4989-48AC-8DA8-069FFC050BDE}"
EndProject
Project("{9A19103F-16F7-4668-BE54-9A1E7A4F7556}") = "GeniusLyrics", "GeniusLyrics\GeniusLyrics.csproj", "{39015FCA-C662-4250-A2FB-5DBEDE6CF3F8}"
EndProject
Project("{9A19103F-16F7-4668-BE54-9A1E7A4F7556}") = "Core.Lyrics", "Core.Lyrics\Core.Lyrics.csproj", "{45D8FEF9-7610-4585-9AD5-88F85E7CFF9D}"
EndProject
Project("{9A19103F-16F7-4668-BE54-9A1E7A4F7556}") = "SpotifyLyrics.ServiceInterface", "SpotifyLyrics.ServiceInterface\SpotifyLyrics.ServiceInterface.csproj", "{67A3B22C-43C0-4B12-BBAF-A2FC7816BCF7}"
EndProject
Global
	GlobalSection(SolutionConfigurationPlatforms) = preSolution
		Debug|Any CPU = Debug|Any CPU
		Release|Any CPU = Release|Any CPU
	EndGlobalSection
	GlobalSection(ProjectConfigurationPlatforms) = postSolution
		{EC8A93BA-27C4-4642-B7A0-11B809C35BE4}.Debug|Any CPU.ActiveCfg = Debug|Any CPU
		{EC8A93BA-27C4-4642-B7A0-11B809C35BE4}.Debug|Any CPU.Build.0 = Debug|Any CPU
		{EC8A93BA-27C4-4642-B7A0-11B809C35BE4}.Release|Any CPU.ActiveCfg = Release|Any CPU
		{EC8A93BA-27C4-4642-B7A0-11B809C35BE4}.Release|Any CPU.Build.0 = Release|Any CPU
		{8D1CCA36-C7C2-4A70-B194-B23D7E03F00A}.Debug|Any CPU.ActiveCfg = Debug|Any CPU
		{8D1CCA36-C7C2-4A70-B194-B23D7E03F00A}.Debug|Any CPU.Build.0 = Debug|Any CPU
		{8D1CCA36-C7C2-4A70-B194-B23D7E03F00A}.Release|Any CPU.ActiveCfg = Release|Any CPU
		{8D1CCA36-C7C2-4A70-B194-B23D7E03F00A}.Release|Any CPU.Build.0 = Release|Any CPU
		{400A3787-FDBE-4A4C-9DDD-AAEB3DCE1DF5}.Debug|Any CPU.ActiveCfg = Debug|Any CPU
		{400A3787-FDBE-4A4C-9DDD-AAEB3DCE1DF5}.Debug|Any CPU.Build.0 = Debug|Any CPU
		{400A3787-FDBE-4A4C-9DDD-AAEB3DCE1DF5}.Release|Any CPU.ActiveCfg = Release|Any CPU
		{400A3787-FDBE-4A4C-9DDD-AAEB3DCE1DF5}.Release|Any CPU.Build.0 = Release|Any CPU
		{B2204B02-3B7F-4A1A-A281-06195D7346DF}.Debug|Any CPU.ActiveCfg = Debug|Any CPU
		{B2204B02-3B7F-4A1A-A281-06195D7346DF}.Debug|Any CPU.Build.0 = Debug|Any CPU
		{B2204B02-3B7F-4A1A-A281-06195D7346DF}.Release|Any CPU.ActiveCfg = Release|Any CPU
		{B2204B02-3B7F-4A1A-A281-06195D7346DF}.Release|Any CPU.Build.0 = Release|Any CPU
		{C6DF5F71-4989-48AC-8DA8-069FFC050BDE}.Debug|Any CPU.ActiveCfg = Debug|Any CPU
		{C6DF5F71-4989-48AC-8DA8-069FFC050BDE}.Debug|Any CPU.Build.0 = Debug|Any CPU
		{C6DF5F71-4989-48AC-8DA8-069FFC050BDE}.Release|Any CPU.ActiveCfg = Release|Any CPU
		{C6DF5F71-4989-48AC-8DA8-069FFC050BDE}.Release|Any CPU.Build.0 = Release|Any CPU
		{39015FCA-C662-4250-A2FB-5DBEDE6CF3F8}.Debug|Any CPU.ActiveCfg = Debug|Any CPU
		{39015FCA-C662-4250-A2FB-5DBEDE6CF3F8}.Debug|Any CPU.Build.0 = Debug|Any CPU
		{39015FCA-C662-4250-A2FB-5DBEDE6CF3F8}.Release|Any CPU.ActiveCfg = Release|Any CPU
		{39015FCA-C662-4250-A2FB-5DBEDE6CF3F8}.Release|Any CPU.Build.0 = Release|Any CPU
		{45D8FEF9-7610-4585-9AD5-88F85E7CFF9D}.Debug|Any CPU.ActiveCfg = Debug|Any CPU
		{45D8FEF9-7610-4585-9AD5-88F85E7CFF9D}.Debug|Any CPU.Build.0 = Debug|Any CPU
		{45D8FEF9-7610-4585-9AD5-88F85E7CFF9D}.Release|Any CPU.ActiveCfg = Release|Any CPU
		{45D8FEF9-7610-4585-9AD5-88F85E7CFF9D}.Release|Any CPU.Build.0 = Release|Any CPU
		{67A3B22C-43C0-4B12-BBAF-A2FC7816BCF7}.Debug|Any CPU.ActiveCfg = Debug|Any CPU
		{67A3B22C-43C0-4B12-BBAF-A2FC7816BCF7}.Debug|Any CPU.Build.0 = Debug|Any CPU
		{67A3B22C-43C0-4B12-BBAF-A2FC7816BCF7}.Release|Any CPU.ActiveCfg = Release|Any CPU
		{67A3B22C-43C0-4B12-BBAF-A2FC7816BCF7}.Release|Any CPU.Build.0 = Release|Any CPU
	EndGlobalSection
	GlobalSection(SolutionProperties) = preSolution
		HideSolutionNode = FALSE
	EndGlobalSection
	GlobalSection(ExtensibilityGlobals) = postSolution
		SolutionGuid = {097062B8-0E87-43C8-BD98-61843A68BE6D}
	EndGlobalSection
EndGlobal
